
Microsoft Visual Studio Solution File, Format Version 12.00
# Visual Studio Version 17
VisualStudioVersion = 17.9.34728.123
MinimumVisualStudioVersion = 10.0.40219.1
Project("{FAE04EC0-301F-11D3-BF4B-00C04F79EFBC}") = "ProductOrders.API", "ProductOrders.API\ProductOrders.API.csproj", "{B174F57E-A911-4294-874A-468569EF53DD}"
EndProject
Project("{FAE04EC0-301F-11D3-BF4B-00C04F79EFBC}") = "ProductBilling.API", "ProductBilling.API\ProductBilling.API.csproj", "{C231893A-5AE2-474A-932B-462CC80A4BF3}"
EndProject
Project("{FAE04EC0-301F-11D3-BF4B-00C04F79EFBC}") = "Shared", "Shared\Shared.csproj", "{D9BA1621-94BE-422A-AD25-27CB70D10BCD}"
EndProject
Project("{E53339B2-1760-4266-BCC7-CA923CBCF16C}") = "docker-compose", "docker-compose.dcproj", "{6786B723-9B5E-41A5-A471-059638A3641F}"
EndProject
Global
	GlobalSection(SolutionConfigurationPlatforms) = preSolution
		Debug|Any CPU = Debug|Any CPU
		Release|Any CPU = Release|Any CPU
	EndGlobalSection
	GlobalSection(ProjectConfigurationPlatforms) = postSolution
		{B174F57E-A911-4294-874A-468569EF53DD}.Debug|Any CPU.ActiveCfg = Debug|Any CPU
		{B174F57E-A911-4294-874A-468569EF53DD}.Debug|Any CPU.Build.0 = Debug|Any CPU
		{B174F57E-A911-4294-874A-468569EF53DD}.Release|Any CPU.ActiveCfg = Release|Any CPU
		{B174F57E-A911-4294-874A-468569EF53DD}.Release|Any CPU.Build.0 = Release|Any CPU
		{C231893A-5AE2-474A-932B-462CC80A4BF3}.Debug|Any CPU.ActiveCfg = Debug|Any CPU
		{C231893A-5AE2-474A-932B-462CC80A4BF3}.Debug|Any CPU.Build.0 = Debug|Any CPU
		{C231893A-5AE2-474A-932B-462CC80A4BF3}.Release|Any CPU.ActiveCfg = Release|Any CPU
		{C231893A-5AE2-474A-932B-462CC80A4BF3}.Release|Any CPU.Build.0 = Release|Any CPU
		{D9BA1621-94BE-422A-AD25-27CB70D10BCD}.Debug|Any CPU.ActiveCfg = Debug|Any CPU
		{D9BA1621-94BE-422A-AD25-27CB70D10BCD}.Debug|Any CPU.Build.0 = Debug|Any CPU
		{D9BA1621-94BE-422A-AD25-27CB70D10BCD}.Release|Any CPU.ActiveCfg = Release|Any CPU
		{D9BA1621-94BE-422A-AD25-27CB70D10BCD}.Release|Any CPU.Build.0 = Release|Any CPU
		{6786B723-9B5E-41A5-A471-059638A3641F}.Debug|Any CPU.ActiveCfg = Debug|Any CPU
		{6786B723-9B5E-41A5-A471-059638A3641F}.Debug|Any CPU.Build.0 = Debug|Any CPU
		{6786B723-9B5E-41A5-A471-059638A3641F}.Release|Any CPU.ActiveCfg = Release|Any CPU
		{6786B723-9B5E-41A5-A471-059638A3641F}.Release|Any CPU.Build.0 = Release|Any CPU
	EndGlobalSection
	GlobalSection(SolutionProperties) = preSolution
		HideSolutionNode = FALSE
	EndGlobalSection
	GlobalSection(ExtensibilityGlobals) = postSolution
		SolutionGuid = {32C8DB8E-3D5C-4F06-A933-7A9CB7B27604}
	EndGlobalSection
EndGlobal
